<?xml version="1.0" encoding="UTF-8"?>
<Scheme
   version = "1.3">
   <BuildAction>
      <BuildActionEntries>
         <BuildActionEntry
            buildForRunning = "YES">
            <BuildableReference
               BuildableIdentifier = "primary"
               BlueprintIdentifier = "85A7BAC628D36DB000D50F0E"
               BuildableName = "BirthDayNoteTaker.app"
               BlueprintName = "BirthDayNoteTaker"
               ReferencedContainer = "container:BirthDayNoteTaker.xcodeproj">
            </BuildableReference>
         </BuildActionEntry>
      </BuildActionEntries>
   </BuildAction>
   <LaunchAction
      useCustomWorkingDirectory = "NO"
      buildConfiguration = "Debug"
      allowLocationSimulation = "YES">
      <BuildableProductRunnable>
         <BuildableReference
            BuildableIdentifier = "primary"
            BlueprintIdentifier = "85A7BAC628D36DB000D50F0E"
            BuildableName = "BirthDayNoteTaker.app"
            BlueprintName = "BirthDayNoteTaker"
            ReferencedContainer = "container:BirthDayNoteTaker.xcodeproj">
         </BuildableReference>
      </BuildableProductRunnable>
   </LaunchAction>
</Scheme>
